// !$*UTF8*$!
{
	archiveVersion = 1;
	classes = {
	};
	objectVersion = 56;
	objects = {

/* Begin PBXBuildFile section */
		2C38A0A12A0D437000B7E61E /* HappinessLevelScreen.swift in Sources */ = {isa = PBXBuildFile; fileRef = 2C38A0A02A0D437000B7E61E /* HappinessLevelScreen.swift */; };
		2C38A0A32A0D438700B7E61E /* HappinessLevelViewModel.swift in Sources */ = {isa = PBXBuildFile; fileRef = 2C38A0A22A0D438700B7E61E /* HappinessLevelViewModel.swift */; };
		2C38A0A52A0D43AB00B7E61E /* HappinessLevelUiState.swift in Sources */ = {isa = PBXBuildFile; fileRef = 2C38A0A42A0D43AB00B7E61E /* HappinessLevelUiState.swift */; };
		2C38A0A82A0D45D400B7E61E /* DigitButton.swift in Sources */ = {isa = PBXBuildFile; fileRef = 2C38A0A72A0D45D400B7E61E /* DigitButton.swift */; };
		2C56D2F22A0C36590074A790 /* EmptyResponse.swift in Sources */ = {isa = PBXBuildFile; fileRef = 2C56D2F12A0C36590074A790 /* EmptyResponse.swift */; };
		2C56D2F52A0C395B0074A790 /* ValidationError.swift in Sources */ = {isa = PBXBuildFile; fileRef = 2C56D2F42A0C395B0074A790 /* ValidationError.swift */; };
		2C56D2FB2A0C3D410074A790 /* DefaultHappinesLevelRepository.swift in Sources */ = {isa = PBXBuildFile; fileRef = 2C56D2FA2A0C3D410074A790 /* DefaultHappinesLevelRepository.swift */; };
		2C56D3012A0D01550074A790 /* StressLevelRepository.swift in Sources */ = {isa = PBXBuildFile; fileRef = 2C56D3002A0D01550074A790 /* StressLevelRepository.swift */; };
		2C56D3032A0D01CA0074A790 /* FakeStressLevelRepository.swift in Sources */ = {isa = PBXBuildFile; fileRef = 2C56D3022A0D01CA0074A790 /* FakeStressLevelRepository.swift */; };
		2C56D3072A0D06BE0074A790 /* HappinessLevelRepository.swift in Sources */ = {isa = PBXBuildFile; fileRef = 2C56D3062A0D06BE0074A790 /* HappinessLevelRepository.swift */; };
		2C56D3092A0D095F0074A790 /* FakeHappinessRepository.swift in Sources */ = {isa = PBXBuildFile; fileRef = 2C56D3082A0D095F0074A790 /* FakeHappinessRepository.swift */; };
		2C8490982A0E2383008C8938 /* QuestionHeader.swift in Sources */ = {isa = PBXBuildFile; fileRef = 2C8490972A0E2383008C8938 /* QuestionHeader.swift */; };
		BF537F4B2A0C28CB00D4FF42 /* StressLevelScreen.swift in Sources */ = {isa = PBXBuildFile; fileRef = BF537F4A2A0C28CB00D4FF42 /* StressLevelScreen.swift */; };
		BF537F4D2A0C28D500D4FF42 /* StressLevelViewModel.swift in Sources */ = {isa = PBXBuildFile; fileRef = BF537F4C2A0C28D500D4FF42 /* StressLevelViewModel.swift */; };
		BF537F4F2A0C28EC00D4FF42 /* DefaultStressLevelRepository.swift in Sources */ = {isa = PBXBuildFile; fileRef = BF537F4E2A0C28EC00D4FF42 /* DefaultStressLevelRepository.swift */; };
		BF537F512A0C3EC300D4FF42 /* StressLevelUiState.swift in Sources */ = {isa = PBXBuildFile; fileRef = BF537F502A0C3EC300D4FF42 /* StressLevelUiState.swift */; };
		BF537F552A0CABA000D4FF42 /* HomeScreen.swift in Sources */ = {isa = PBXBuildFile; fileRef = BF537F542A0CABA000D4FF42 /* HomeScreen.swift */; };
		BF537F5A2A0CB4D800D4FF42 /* RoundedButton.swift in Sources */ = {isa = PBXBuildFile; fileRef = BF537F592A0CB4D800D4FF42 /* RoundedButton.swift */; };
		BF537F5D2A0CC5CE00D4FF42 /* MoodColors.swift in Sources */ = {isa = PBXBuildFile; fileRef = BF537F5C2A0CC5CE00D4FF42 /* MoodColors.swift */; };
		BF537F5F2A0CDADA00D4FF42 /* AppBar.swift in Sources */ = {isa = PBXBuildFile; fileRef = BF537F5E2A0CDADA00D4FF42 /* AppBar.swift */; };
		BF537F612A0CEB0A00D4FF42 /* DigitButtonStyle.swift in Sources */ = {isa = PBXBuildFile; fileRef = BF537F602A0CEB0A00D4FF42 /* DigitButtonStyle.swift */; };
		BFFAAAA42A0C1D90004FD7F3 /* MoodMeterApp.swift in Sources */ = {isa = PBXBuildFile; fileRef = BFFAAAA32A0C1D90004FD7F3 /* MoodMeterApp.swift */; };
		BFFAAAA62A0C1D90004FD7F3 /* ContentView.swift in Sources */ = {isa = PBXBuildFile; fileRef = BFFAAAA52A0C1D90004FD7F3 /* ContentView.swift */; };
		BFFAAAA82A0C1D95004FD7F3 /* Assets.xcassets in Resources */ = {isa = PBXBuildFile; fileRef = BFFAAAA72A0C1D95004FD7F3 /* Assets.xcassets */; };
		BFFAAAAB2A0C1D95004FD7F3 /* Preview Assets.xcassets in Resources */ = {isa = PBXBuildFile; fileRef = BFFAAAAA2A0C1D95004FD7F3 /* Preview Assets.xcassets */; };
		BFFAAABC2A0C1FE1004FD7F3 /* MoodApi.swift in Sources */ = {isa = PBXBuildFile; fileRef = BFFAAABB2A0C1FE1004FD7F3 /* MoodApi.swift */; };
/* End PBXBuildFile section */

/* Begin PBXFileReference section */
		2C38A0A02A0D437000B7E61E /* HappinessLevelScreen.swift */ = {isa = PBXFileReference; lastKnownFileType = sourcecode.swift; path = HappinessLevelScreen.swift; sourceTree = "<group>"; };
		2C38A0A22A0D438700B7E61E /* HappinessLevelViewModel.swift */ = {isa = PBXFileReference; lastKnownFileType = sourcecode.swift; path = HappinessLevelViewModel.swift; sourceTree = "<group>"; };
		2C38A0A42A0D43AB00B7E61E /* HappinessLevelUiState.swift */ = {isa = PBXFileReference; lastKnownFileType = sourcecode.swift; path = HappinessLevelUiState.swift; sourceTree = "<group>"; };
		2C38A0A72A0D45D400B7E61E /* DigitButton.swift */ = {isa = PBXFileReference; lastKnownFileType = sourcecode.swift; path = DigitButton.swift; sourceTree = "<group>"; };
		2C56D2F12A0C36590074A790 /* EmptyResponse.swift */ = {isa = PBXFileReference; lastKnownFileType = sourcecode.swift; path = EmptyResponse.swift; sourceTree = "<group>"; };
		2C56D2F42A0C395B0074A790 /* ValidationError.swift */ = {isa = PBXFileReference; lastKnownFileType = sourcecode.swift; path = ValidationError.swift; sourceTree = "<group>"; };
		2C56D2FA2A0C3D410074A790 /* DefaultHappinesLevelRepository.swift */ = {isa = PBXFileReference; lastKnownFileType = sourcecode.swift; path = DefaultHappinesLevelRepository.swift; sourceTree = "<group>"; };
		2C56D3002A0D01550074A790 /* StressLevelRepository.swift */ = {isa = PBXFileReference; lastKnownFileType = sourcecode.swift; path = StressLevelRepository.swift; sourceTree = "<group>"; };
		2C56D3022A0D01CA0074A790 /* FakeStressLevelRepository.swift */ = {isa = PBXFileReference; lastKnownFileType = sourcecode.swift; path = FakeStressLevelRepository.swift; sourceTree = "<group>"; };
		2C56D3062A0D06BE0074A790 /* HappinessLevelRepository.swift */ = {isa = PBXFileReference; lastKnownFileType = sourcecode.swift; path = HappinessLevelRepository.swift; sourceTree = "<group>"; };
		2C56D3082A0D095F0074A790 /* FakeHappinessRepository.swift */ = {isa = PBXFileReference; lastKnownFileType = sourcecode.swift; path = FakeHappinessRepository.swift; sourceTree = "<group>"; };
		2C8490972A0E2383008C8938 /* QuestionHeader.swift */ = {isa = PBXFileReference; lastKnownFileType = sourcecode.swift; path = QuestionHeader.swift; sourceTree = "<group>"; };
		BF537F4A2A0C28CB00D4FF42 /* StressLevelScreen.swift */ = {isa = PBXFileReference; lastKnownFileType = sourcecode.swift; path = StressLevelScreen.swift; sourceTree = "<group>"; };
		BF537F4C2A0C28D500D4FF42 /* StressLevelViewModel.swift */ = {isa = PBXFileReference; lastKnownFileType = sourcecode.swift; path = StressLevelViewModel.swift; sourceTree = "<group>"; };
		BF537F4E2A0C28EC00D4FF42 /* DefaultStressLevelRepository.swift */ = {isa = PBXFileReference; lastKnownFileType = sourcecode.swift; path = DefaultStressLevelRepository.swift; sourceTree = "<group>"; };
		BF537F502A0C3EC300D4FF42 /* StressLevelUiState.swift */ = {isa = PBXFileReference; lastKnownFileType = sourcecode.swift; path = StressLevelUiState.swift; sourceTree = "<group>"; };
		BF537F542A0CABA000D4FF42 /* HomeScreen.swift */ = {isa = PBXFileReference; lastKnownFileType = sourcecode.swift; path = HomeScreen.swift; sourceTree = "<group>"; };
		BF537F592A0CB4D800D4FF42 /* RoundedButton.swift */ = {isa = PBXFileReference; lastKnownFileType = sourcecode.swift; path = RoundedButton.swift; sourceTree = "<group>"; };
		BF537F5C2A0CC5CE00D4FF42 /* MoodColors.swift */ = {isa = PBXFileReference; lastKnownFileType = sourcecode.swift; path = MoodColors.swift; sourceTree = "<group>"; };
		BF537F5E2A0CDADA00D4FF42 /* AppBar.swift */ = {isa = PBXFileReference; lastKnownFileType = sourcecode.swift; path = AppBar.swift; sourceTree = "<group>"; };
		BF537F602A0CEB0A00D4FF42 /* DigitButtonStyle.swift */ = {isa = PBXFileReference; lastKnownFileType = sourcecode.swift; path = DigitButtonStyle.swift; sourceTree = "<group>"; };
		BFFAAAA02A0C1D90004FD7F3 /* MoodMeter.app */ = {isa = PBXFileReference; explicitFileType = wrapper.application; includeInIndex = 0; path = MoodMeter.app; sourceTree = BUILT_PRODUCTS_DIR; };
		BFFAAAA32A0C1D90004FD7F3 /* MoodMeterApp.swift */ = {isa = PBXFileReference; lastKnownFileType = sourcecode.swift; path = MoodMeterApp.swift; sourceTree = "<group>"; };
		BFFAAAA52A0C1D90004FD7F3 /* ContentView.swift */ = {isa = PBXFileReference; lastKnownFileType = sourcecode.swift; path = ContentView.swift; sourceTree = "<group>"; };
		BFFAAAA72A0C1D95004FD7F3 /* Assets.xcassets */ = {isa = PBXFileReference; lastKnownFileType = folder.assetcatalog; path = Assets.xcassets; sourceTree = "<group>"; };
		BFFAAAAA2A0C1D95004FD7F3 /* Preview Assets.xcassets */ = {isa = PBXFileReference; lastKnownFileType = folder.assetcatalog; path = "Preview Assets.xcassets"; sourceTree = "<group>"; };
		BFFAAABB2A0C1FE1004FD7F3 /* MoodApi.swift */ = {isa = PBXFileReference; lastKnownFileType = sourcecode.swift; path = MoodApi.swift; sourceTree = "<group>"; };
/* End PBXFileReference section */

/* Begin PBXFrameworksBuildPhase section */
		BFFAAA9D2A0C1D90004FD7F3 /* Frameworks */ = {
			isa = PBXFrameworksBuildPhase;
			buildActionMask = 2147483647;
			files = (
			);
			runOnlyForDeploymentPostprocessing = 0;
		};
/* End PBXFrameworksBuildPhase section */

/* Begin PBXGroup section */
		2C38A09F2A0D433C00B7E61E /* Presentation */ = {
			isa = PBXGroup;
			children = (
				2C38A0A02A0D437000B7E61E /* HappinessLevelScreen.swift */,
				2C38A0A22A0D438700B7E61E /* HappinessLevelViewModel.swift */,
				2C38A0A42A0D43AB00B7E61E /* HappinessLevelUiState.swift */,
			);
			path = Presentation;
			sourceTree = "<group>";
		};
		2C56D2F02A0C363C0074A790 /* Models */ = {
			isa = PBXGroup;
			children = (
				2C56D2F12A0C36590074A790 /* EmptyResponse.swift */,
			);
			path = Models;
			sourceTree = "<group>";
		};
		2C56D2F32A0C394D0074A790 /* Errors */ = {
			isa = PBXGroup;
			children = (
				2C56D2F42A0C395B0074A790 /* ValidationError.swift */,
			);
			path = Errors;
			sourceTree = "<group>";
		};
		2C56D2F62A0C3CD80074A790 /* HappinesLevel */ = {
			isa = PBXGroup;
			children = (
				2C38A09F2A0D433C00B7E61E /* Presentation */,
				2C56D3042A0D06A10074A790 /* Domain */,
				2C56D2F72A0C3CEB0074A790 /* Data */,
			);
			path = HappinesLevel;
			sourceTree = "<group>";
		};
		2C56D2F72A0C3CEB0074A790 /* Data */ = {
			isa = PBXGroup;
			children = (
				2C56D2FA2A0C3D410074A790 /* DefaultHappinesLevelRepository.swift */,
				2C56D3082A0D095F0074A790 /* FakeHappinessRepository.swift */,
			);
			path = Data;
			sourceTree = "<group>";
		};
		2C56D2FE2A0D011B0074A790 /* Domain */ = {
			isa = PBXGroup;
			children = (
				2C56D2FF2A0D01220074A790 /* Repository */,
			);
			path = Domain;
			sourceTree = "<group>";
		};
		2C56D2FF2A0D01220074A790 /* Repository */ = {
			isa = PBXGroup;
			children = (
				2C56D3002A0D01550074A790 /* StressLevelRepository.swift */,
			);
			path = Repository;
			sourceTree = "<group>";
		};
		2C56D3042A0D06A10074A790 /* Domain */ = {
			isa = PBXGroup;
			children = (
				2C56D3052A0D06AA0074A790 /* Repository */,
			);
			path = Domain;
			sourceTree = "<group>";
		};
		2C56D3052A0D06AA0074A790 /* Repository */ = {
			isa = PBXGroup;
			children = (
				2C56D3062A0D06BE0074A790 /* HappinessLevelRepository.swift */,
			);
			path = Repository;
			sourceTree = "<group>";
		};
		BF537F472A0C27B900D4FF42 /* StressLevel */ = {
			isa = PBXGroup;
			children = (
				2C56D2FE2A0D011B0074A790 /* Domain */,
				BF537F492A0C28BE00D4FF42 /* Data */,
				BF537F482A0C27C400D4FF42 /* Presentation */,
			);
			path = StressLevel;
			sourceTree = "<group>";
		};
		BF537F482A0C27C400D4FF42 /* Presentation */ = {
			isa = PBXGroup;
			children = (
				BF537F4A2A0C28CB00D4FF42 /* StressLevelScreen.swift */,
				BF537F4C2A0C28D500D4FF42 /* StressLevelViewModel.swift */,
				BF537F502A0C3EC300D4FF42 /* StressLevelUiState.swift */,
			);
			path = Presentation;
			sourceTree = "<group>";
		};
		BF537F492A0C28BE00D4FF42 /* Data */ = {
			isa = PBXGroup;
			children = (
				BF537F4E2A0C28EC00D4FF42 /* DefaultStressLevelRepository.swift */,
				2C56D3022A0D01CA0074A790 /* FakeStressLevelRepository.swift */,
			);
			path = Data;
			sourceTree = "<group>";
		};
		BF537F522A0CAB8500D4FF42 /* Home */ = {
			isa = PBXGroup;
			children = (
				BF537F532A0CAB8C00D4FF42 /* Presentation */,
			);
			path = Home;
			sourceTree = "<group>";
		};
		BF537F532A0CAB8C00D4FF42 /* Presentation */ = {
			isa = PBXGroup;
			children = (
				BF537F542A0CABA000D4FF42 /* HomeScreen.swift */,
			);
			path = Presentation;
			sourceTree = "<group>";
		};
		BF537F562A0CB2DD00D4FF42 /* Resources */ = {
			isa = PBXGroup;
			children = (
				BFFAAAA72A0C1D95004FD7F3 /* Assets.xcassets */,
			);
			path = Resources;
			sourceTree = "<group>";
		};
		BF537F572A0CB4C300D4FF42 /* Presentation */ = {
			isa = PBXGroup;
			children = (
				BF537F5B2A0CC37900D4FF42 /* Colors */,
				BF537F582A0CB4CB00D4FF42 /* Views */,
			);
			path = Presentation;
			sourceTree = "<group>";
		};
		BF537F582A0CB4CB00D4FF42 /* Views */ = {
			isa = PBXGroup;
			children = (
				BF537F592A0CB4D800D4FF42 /* RoundedButton.swift */,
				BF537F5E2A0CDADA00D4FF42 /* AppBar.swift */,
				BF537F602A0CEB0A00D4FF42 /* DigitButtonStyle.swift */,
				2C38A0A72A0D45D400B7E61E /* DigitButton.swift */,
				2C8490972A0E2383008C8938 /* QuestionHeader.swift */,
			);
			path = Views;
			sourceTree = "<group>";
		};
		BF537F5B2A0CC37900D4FF42 /* Colors */ = {
			isa = PBXGroup;
			children = (
				BF537F5C2A0CC5CE00D4FF42 /* MoodColors.swift */,
			);
			path = Colors;
			sourceTree = "<group>";
		};
		BFFAAA972A0C1D90004FD7F3 = {
			isa = PBXGroup;
			children = (
				BFFAAAA22A0C1D90004FD7F3 /* MoodMeter */,
				BFFAAAA12A0C1D90004FD7F3 /* Products */,
			);
			sourceTree = "<group>";
		};
		BFFAAAA12A0C1D90004FD7F3 /* Products */ = {
			isa = PBXGroup;
			children = (
				BFFAAAA02A0C1D90004FD7F3 /* MoodMeter.app */,
			);
			name = Products;
			sourceTree = "<group>";
		};
		BFFAAAA22A0C1D90004FD7F3 /* MoodMeter */ = {
			isa = PBXGroup;
			children = (
				BF537F562A0CB2DD00D4FF42 /* Resources */,
				BFFAAAB22A0C1F3B004FD7F3 /* Core */,
				BFFAAAB12A0C1F22004FD7F3 /* Features */,
				BFFAAAA32A0C1D90004FD7F3 /* MoodMeterApp.swift */,
				BFFAAAA52A0C1D90004FD7F3 /* ContentView.swift */,
				BFFAAAA92A0C1D95004FD7F3 /* Preview Content */,
			);
			path = MoodMeter;
			sourceTree = "<group>";
		};
		BFFAAAA92A0C1D95004FD7F3 /* Preview Content */ = {
			isa = PBXGroup;
			children = (
				BFFAAAAA2A0C1D95004FD7F3 /* Preview Assets.xcassets */,
			);
			path = "Preview Content";
			sourceTree = "<group>";
		};
		BFFAAAB12A0C1F22004FD7F3 /* Features */ = {
			isa = PBXGroup;
			children = (
				2C56D2F62A0C3CD80074A790 /* HappinesLevel */,
				BF537F522A0CAB8500D4FF42 /* Home */,
				BF537F472A0C27B900D4FF42 /* StressLevel */,
			);
			path = Features;
			sourceTree = "<group>";
		};
		BFFAAAB22A0C1F3B004FD7F3 /* Core */ = {
			isa = PBXGroup;
			children = (
				2C56D2F32A0C394D0074A790 /* Errors */,
				BF537F572A0CB4C300D4FF42 /* Presentation */,
				BFFAAAB82A0C1F7B004FD7F3 /* Data */,
			);
			path = Core;
			sourceTree = "<group>";
		};
		BFFAAAB82A0C1F7B004FD7F3 /* Data */ = {
			isa = PBXGroup;
			children = (
				2C56D2F02A0C363C0074A790 /* Models */,
				BFFAAABA2A0C1FC7004FD7F3 /* Remote */,
			);
			path = Data;
			sourceTree = "<group>";
		};
		BFFAAABA2A0C1FC7004FD7F3 /* Remote */ = {
			isa = PBXGroup;
			children = (
				BFFAAABB2A0C1FE1004FD7F3 /* MoodApi.swift */,
			);
			path = Remote;
			sourceTree = "<group>";
		};
/* End PBXGroup section */

/* Begin PBXNativeTarget section */
		BFFAAA9F2A0C1D90004FD7F3 /* MoodMeter */ = {
			isa = PBXNativeTarget;
			buildConfigurationList = BFFAAAAE2A0C1D95004FD7F3 /* Build configuration list for PBXNativeTarget "MoodMeter" */;
			buildPhases = (
				BFFAAA9C2A0C1D90004FD7F3 /* Sources */,
				BFFAAA9D2A0C1D90004FD7F3 /* Frameworks */,
				BFFAAA9E2A0C1D90004FD7F3 /* Resources */,
			);
			buildRules = (
			);
			dependencies = (
			);
			name = MoodMeter;
			productName = MoodMeter;
			productReference = BFFAAAA02A0C1D90004FD7F3 /* MoodMeter.app */;
			productType = "com.apple.product-type.application";
		};
/* End PBXNativeTarget section */

/* Begin PBXProject section */
		BFFAAA982A0C1D90004FD7F3 /* Project object */ = {
			isa = PBXProject;
			attributes = {
				BuildIndependentTargetsInParallel = 1;
				LastSwiftUpdateCheck = 1430;
				LastUpgradeCheck = 1430;
				TargetAttributes = {
					BFFAAA9F2A0C1D90004FD7F3 = {
						CreatedOnToolsVersion = 14.3;
					};
				};
			};
			buildConfigurationList = BFFAAA9B2A0C1D90004FD7F3 /* Build configuration list for PBXProject "MoodMeter" */;
			compatibilityVersion = "Xcode 14.0";
			developmentRegion = en;
			hasScannedForEncodings = 0;
			knownRegions = (
				en,
				Base,
			);
			mainGroup = BFFAAA972A0C1D90004FD7F3;
			productRefGroup = BFFAAAA12A0C1D90004FD7F3 /* Products */;
			projectDirPath = "";
			projectRoot = "";
			targets = (
				BFFAAA9F2A0C1D90004FD7F3 /* MoodMeter */,
			);
		};
/* End PBXProject section */

/* Begin PBXResourcesBuildPhase section */
		BFFAAA9E2A0C1D90004FD7F3 /* Resources */ = {
			isa = PBXResourcesBuildPhase;
			buildActionMask = 2147483647;
			files = (
				BFFAAAAB2A0C1D95004FD7F3 /* Preview Assets.xcassets in Resources */,
				BFFAAAA82A0C1D95004FD7F3 /* Assets.xcassets in Resources */,
			);
			runOnlyForDeploymentPostprocessing = 0;
		};
/* End PBXResourcesBuildPhase section */

/* Begin PBXSourcesBuildPhase section */
		BFFAAA9C2A0C1D90004FD7F3 /* Sources */ = {
			isa = PBXSourcesBuildPhase;
			buildActionMask = 2147483647;
			files = (
				BF537F5D2A0CC5CE00D4FF42 /* MoodColors.swift in Sources */,
				2C38A0A82A0D45D400B7E61E /* DigitButton.swift in Sources */,
				BF537F5F2A0CDADA00D4FF42 /* AppBar.swift in Sources */,
				BFFAAAA62A0C1D90004FD7F3 /* ContentView.swift in Sources */,
				2C56D3032A0D01CA0074A790 /* FakeStressLevelRepository.swift in Sources */,
				2C56D2F22A0C36590074A790 /* EmptyResponse.swift in Sources */,
				BF537F4F2A0C28EC00D4FF42 /* DefaultStressLevelRepository.swift in Sources */,
				2C56D3072A0D06BE0074A790 /* HappinessLevelRepository.swift in Sources */,
				2C8490982A0E2383008C8938 /* QuestionHeader.swift in Sources */,
				BF537F612A0CEB0A00D4FF42 /* DigitButtonStyle.swift in Sources */,
				BF537F512A0C3EC300D4FF42 /* StressLevelUiState.swift in Sources */,
				BF537F4D2A0C28D500D4FF42 /* StressLevelViewModel.swift in Sources */,
				BF537F5A2A0CB4D800D4FF42 /* RoundedButton.swift in Sources */,
				BF537F552A0CABA000D4FF42 /* HomeScreen.swift in Sources */,
				BFFAAAA42A0C1D90004FD7F3 /* MoodMeterApp.swift in Sources */,
				2C56D2FB2A0C3D410074A790 /* DefaultHappinesLevelRepository.swift in Sources */,
				2C38A0A52A0D43AB00B7E61E /* HappinessLevelUiState.swift in Sources */,
				2C56D2F52A0C395B0074A790 /* ValidationError.swift in Sources */,
				2C38A0A32A0D438700B7E61E /* HappinessLevelViewModel.swift in Sources */,
				BF537F4B2A0C28CB00D4FF42 /* StressLevelScreen.swift in Sources */,
				2C38A0A12A0D437000B7E61E /* HappinessLevelScreen.swift in Sources */,
				2C56D3012A0D01550074A790 /* StressLevelRepository.swift in Sources */,
				2C56D3092A0D095F0074A790 /* FakeHappinessRepository.swift in Sources */,
				BFFAAABC2A0C1FE1004FD7F3 /* MoodApi.swift in Sources */,
			);
			runOnlyForDeploymentPostprocessing = 0;
		};
/* End PBXSourcesBuildPhase section */

/* Begin XCBuildConfiguration section */
		BFFAAAAC2A0C1D95004FD7F3 /* Debug */ = {
			isa = XCBuildConfiguration;
			buildSettings = {
				ALWAYS_SEARCH_USER_PATHS = NO;
				CLANG_ANALYZER_NONNULL = YES;
				CLANG_ANALYZER_NUMBER_OBJECT_CONVERSION = YES_AGGRESSIVE;
				CLANG_CXX_LANGUAGE_STANDARD = "gnu++20";
				CLANG_ENABLE_MODULES = YES;
				CLANG_ENABLE_OBJC_ARC = YES;
				CLANG_ENABLE_OBJC_WEAK = YES;
				CLANG_WARN_BLOCK_CAPTURE_AUTORELEASING = YES;
				CLANG_WARN_BOOL_CONVERSION = YES;
				CLANG_WARN_COMMA = YES;
				CLANG_WARN_CONSTANT_CONVERSION = YES;
				CLANG_WARN_DEPRECATED_OBJC_IMPLEMENTATIONS = YES;
				CLANG_WARN_DIRECT_OBJC_ISA_USAGE = YES_ERROR;
				CLANG_WARN_DOCUMENTATION_COMMENTS = YES;
				CLANG_WARN_EMPTY_BODY = YES;
				CLANG_WARN_ENUM_CONVERSION = YES;
				CLANG_WARN_INFINITE_RECURSION = YES;
				CLANG_WARN_INT_CONVERSION = YES;
				CLANG_WARN_NON_LITERAL_NULL_CONVERSION = YES;
				CLANG_WARN_OBJC_IMPLICIT_RETAIN_SELF = YES;
				CLANG_WARN_OBJC_LITERAL_CONVERSION = YES;
				CLANG_WARN_OBJC_ROOT_CLASS = YES_ERROR;
				CLANG_WARN_QUOTED_INCLUDE_IN_FRAMEWORK_HEADER = YES;
				CLANG_WARN_RANGE_LOOP_ANALYSIS = YES;
				CLANG_WARN_STRICT_PROTOTYPES = YES;
				CLANG_WARN_SUSPICIOUS_MOVE = YES;
				CLANG_WARN_UNGUARDED_AVAILABILITY = YES_AGGRESSIVE;
				CLANG_WARN_UNREACHABLE_CODE = YES;
				CLANG_WARN__DUPLICATE_METHOD_MATCH = YES;
				COPY_PHASE_STRIP = NO;
				DEBUG_INFORMATION_FORMAT = dwarf;
				ENABLE_STRICT_OBJC_MSGSEND = YES;
				ENABLE_TESTABILITY = YES;
				GCC_C_LANGUAGE_STANDARD = gnu11;
				GCC_DYNAMIC_NO_PIC = NO;
				GCC_NO_COMMON_BLOCKS = YES;
				GCC_OPTIMIZATION_LEVEL = 0;
				GCC_PREPROCESSOR_DEFINITIONS = (
					"DEBUG=1",
					"$(inherited)",
				);
				GCC_WARN_64_TO_32_BIT_CONVERSION = YES;
				GCC_WARN_ABOUT_RETURN_TYPE = YES_ERROR;
				GCC_WARN_UNDECLARED_SELECTOR = YES;
				GCC_WARN_UNINITIALIZED_AUTOS = YES_AGGRESSIVE;
				GCC_WARN_UNUSED_FUNCTION = YES;
				GCC_WARN_UNUSED_VARIABLE = YES;
				IPHONEOS_DEPLOYMENT_TARGET = 16.3;
				MTL_ENABLE_DEBUG_INFO = INCLUDE_SOURCE;
				MTL_FAST_MATH = YES;
				ONLY_ACTIVE_ARCH = YES;
				SDKROOT = iphoneos;
				SWIFT_ACTIVE_COMPILATION_CONDITIONS = DEBUG;
				SWIFT_OPTIMIZATION_LEVEL = "-Onone";
			};
			name = Debug;
		};
		BFFAAAAD2A0C1D95004FD7F3 /* Release */ = {
			isa = XCBuildConfiguration;
			buildSettings = {
				ALWAYS_SEARCH_USER_PATHS = NO;
				CLANG_ANALYZER_NONNULL = YES;
				CLANG_ANALYZER_NUMBER_OBJECT_CONVERSION = YES_AGGRESSIVE;
				CLANG_CXX_LANGUAGE_STANDARD = "gnu++20";
				CLANG_ENABLE_MODULES = YES;
				CLANG_ENABLE_OBJC_ARC = YES;
				CLANG_ENABLE_OBJC_WEAK = YES;
				CLANG_WARN_BLOCK_CAPTURE_AUTORELEASING = YES;
				CLANG_WARN_BOOL_CONVERSION = YES;
				CLANG_WARN_COMMA = YES;
				CLANG_WARN_CONSTANT_CONVERSION = YES;
				CLANG_WARN_DEPRECATED_OBJC_IMPLEMENTATIONS = YES;
				CLANG_WARN_DIRECT_OBJC_ISA_USAGE = YES_ERROR;
				CLANG_WARN_DOCUMENTATION_COMMENTS = YES;
				CLANG_WARN_EMPTY_BODY = YES;
				CLANG_WARN_ENUM_CONVERSION = YES;
				CLANG_WARN_INFINITE_RECURSION = YES;
				CLANG_WARN_INT_CONVERSION = YES;
				CLANG_WARN_NON_LITERAL_NULL_CONVERSION = YES;
				CLANG_WARN_OBJC_IMPLICIT_RETAIN_SELF = YES;
				CLANG_WARN_OBJC_LITERAL_CONVERSION = YES;
				CLANG_WARN_OBJC_ROOT_CLASS = YES_ERROR;
				CLANG_WARN_QUOTED_INCLUDE_IN_FRAMEWORK_HEADER = YES;
				CLANG_WARN_RANGE_LOOP_ANALYSIS = YES;
				CLANG_WARN_STRICT_PROTOTYPES = YES;
				CLANG_WARN_SUSPICIOUS_MOVE = YES;
				CLANG_WARN_UNGUARDED_AVAILABILITY = YES_AGGRESSIVE;
				CLANG_WARN_UNREACHABLE_CODE = YES;
				CLANG_WARN__DUPLICATE_METHOD_MATCH = YES;
				COPY_PHASE_STRIP = NO;
				DEBUG_INFORMATION_FORMAT = "dwarf-with-dsym";
				ENABLE_NS_ASSERTIONS = NO;
				ENABLE_STRICT_OBJC_MSGSEND = YES;
				GCC_C_LANGUAGE_STANDARD = gnu11;
				GCC_NO_COMMON_BLOCKS = YES;
				GCC_WARN_64_TO_32_BIT_CONVERSION = YES;
				GCC_WARN_ABOUT_RETURN_TYPE = YES_ERROR;
				GCC_WARN_UNDECLARED_SELECTOR = YES;
				GCC_WARN_UNINITIALIZED_AUTOS = YES_AGGRESSIVE;
				GCC_WARN_UNUSED_FUNCTION = YES;
				GCC_WARN_UNUSED_VARIABLE = YES;
				IPHONEOS_DEPLOYMENT_TARGET = 16.3;
				MTL_ENABLE_DEBUG_INFO = NO;
				MTL_FAST_MATH = YES;
				SDKROOT = iphoneos;
				SWIFT_COMPILATION_MODE = wholemodule;
				SWIFT_OPTIMIZATION_LEVEL = "-O";
				VALIDATE_PRODUCT = YES;
			};
			name = Release;
		};
		BFFAAAAF2A0C1D95004FD7F3 /* Debug */ = {
			isa = XCBuildConfiguration;
			buildSettings = {
				ASSETCATALOG_COMPILER_APPICON_NAME = AppIcon;
				ASSETCATALOG_COMPILER_GLOBAL_ACCENT_COLOR_NAME = AccentColor;
				"CODE_SIGN_IDENTITY[sdk=iphoneos*]" = "iPhone Developer";
				CODE_SIGN_STYLE = Manual;
				CURRENT_PROJECT_VERSION = 1;
				DEVELOPMENT_ASSET_PATHS = "\"MoodMeter/Preview Content\"";
				DEVELOPMENT_TEAM = "";
				"DEVELOPMENT_TEAM[sdk=iphoneos*]" = 9KPQV995W2;
				ENABLE_PREVIEWS = YES;
				GENERATE_INFOPLIST_FILE = YES;
				INFOPLIST_KEY_UIApplicationSceneManifest_Generation = YES;
				INFOPLIST_KEY_UIApplicationSupportsIndirectInputEvents = YES;
				INFOPLIST_KEY_UILaunchScreen_Generation = YES;
				INFOPLIST_KEY_UISupportedInterfaceOrientations_iPad = "UIInterfaceOrientationPortrait UIInterfaceOrientationPortraitUpsideDown UIInterfaceOrientationLandscapeLeft UIInterfaceOrientationLandscapeRight";
				INFOPLIST_KEY_UISupportedInterfaceOrientations_iPhone = "UIInterfaceOrientationPortrait UIInterfaceOrientationLandscapeLeft UIInterfaceOrientationLandscapeRight";
				LD_RUNPATH_SEARCH_PATHS = (
					"$(inherited)",
					"@executable_path/Frameworks",
				);
				MARKETING_VERSION = 1.0;
				PRODUCT_BUNDLE_IDENTIFIER = com.trifork.MoodMeter;
				PRODUCT_NAME = "$(TARGET_NAME)";
				PROVISIONING_PROFILE_SPECIFIER = "";
				"PROVISIONING_PROFILE_SPECIFIER[sdk=iphoneos*]" = "Trifork iOS Wildcard Development";
				SWIFT_EMIT_LOC_STRINGS = YES;
				SWIFT_VERSION = 5.0;
				TARGETED_DEVICE_FAMILY = "1,2";
			};
			name = Debug;
		};
		BFFAAAB02A0C1D95004FD7F3 /* Release */ = {
			isa = XCBuildConfiguration;
			buildSettings = {
				ASSETCATALOG_COMPILER_APPICON_NAME = AppIcon;
				ASSETCATALOG_COMPILER_GLOBAL_ACCENT_COLOR_NAME = AccentColor;
				"CODE_SIGN_IDENTITY[sdk=iphoneos*]" = "iPhone Developer";
				CODE_SIGN_STYLE = Manual;
				CURRENT_PROJECT_VERSION = 1;
				DEVELOPMENT_ASSET_PATHS = "\"MoodMeter/Preview Content\"";
				DEVELOPMENT_TEAM = "";
				"DEVELOPMENT_TEAM[sdk=iphoneos*]" = 9KPQV995W2;
				ENABLE_PREVIEWS = YES;
				GENERATE_INFOPLIST_FILE = YES;
				INFOPLIST_KEY_UIApplicationSceneManifest_Generation = YES;
				INFOPLIST_KEY_UIApplicationSupportsIndirectInputEvents = YES;
				INFOPLIST_KEY_UILaunchScreen_Generation = YES;
				INFOPLIST_KEY_UISupportedInterfaceOrientations_iPad = "UIInterfaceOrientationPortrait UIInterfaceOrientationPortraitUpsideDown UIInterfaceOrientationLandscapeLeft UIInterfaceOrientationLandscapeRight";
				INFOPLIST_KEY_UISupportedInterfaceOrientations_iPhone = "UIInterfaceOrientationPortrait UIInterfaceOrientationLandscapeLeft UIInterfaceOrientationLandscapeRight";
				LD_RUNPATH_SEARCH_PATHS = (
					"$(inherited)",
					"@executable_path/Frameworks",
				);
				MARKETING_VERSION = 1.0;
				PRODUCT_BUNDLE_IDENTIFIER = com.trifork.MoodMeter;
				PRODUCT_NAME = "$(TARGET_NAME)";
				PROVISIONING_PROFILE_SPECIFIER = "";
				"PROVISIONING_PROFILE_SPECIFIER[sdk=iphoneos*]" = "Trifork iOS Wildcard Development";
				SWIFT_EMIT_LOC_STRINGS = YES;
				SWIFT_VERSION = 5.0;
				TARGETED_DEVICE_FAMILY = "1,2";
			};
			name = Release;
		};
/* End XCBuildConfiguration section */

/* Begin XCConfigurationList section */
		BFFAAA9B2A0C1D90004FD7F3 /* Build configuration list for PBXProject "MoodMeter" */ = {
			isa = XCConfigurationList;
			buildConfigurations = (
				BFFAAAAC2A0C1D95004FD7F3 /* Debug */,
				BFFAAAAD2A0C1D95004FD7F3 /* Release */,
			);
			defaultConfigurationIsVisible = 0;
			defaultConfigurationName = Release;
		};
		BFFAAAAE2A0C1D95004FD7F3 /* Build configuration list for PBXNativeTarget "MoodMeter" */ = {
			isa = XCConfigurationList;
			buildConfigurations = (
				BFFAAAAF2A0C1D95004FD7F3 /* Debug */,
				BFFAAAB02A0C1D95004FD7F3 /* Release */,
			);
			defaultConfigurationIsVisible = 0;
			defaultConfigurationName = Release;
		};
/* End XCConfigurationList section */
	};
	rootObject = BFFAAA982A0C1D90004FD7F3 /* Project object */;
}
