// !$*UTF8*$!
{
	archiveVersion = 1;
	classes = {
	};
	objectVersion = 56;
	objects = {

/* Begin PBXBuildFile section */
		2C56D2F22A0C36590074A790 /* EmptyResponse.swift in Sources */ = {isa = PBXBuildFile; fileRef = 2C56D2F12A0C36590074A790 /* EmptyResponse.swift */; };
		2C56D2F52A0C395B0074A790 /* ValidationError.swift in Sources */ = {isa = PBXBuildFile; fileRef = 2C56D2F42A0C395B0074A790 /* ValidationError.swift */; };
		BF537F4B2A0C28CB00D4FF42 /* StressLevelScreen.swift in Sources */ = {isa = PBXBuildFile; fileRef = BF537F4A2A0C28CB00D4FF42 /* StressLevelScreen.swift */; };
		BF537F4D2A0C28D500D4FF42 /* StressLevelViewModel.swift in Sources */ = {isa = PBXBuildFile; fileRef = BF537F4C2A0C28D500D4FF42 /* StressLevelViewModel.swift */; };
		BF537F4F2A0C28EC00D4FF42 /* StressLevelRepository.swift in Sources */ = {isa = PBXBuildFile; fileRef = BF537F4E2A0C28EC00D4FF42 /* StressLevelRepository.swift */; };
		BFFAAAA42A0C1D90004FD7F3 /* MoodMeterApp.swift in Sources */ = {isa = PBXBuildFile; fileRef = BFFAAAA32A0C1D90004FD7F3 /* MoodMeterApp.swift */; };
		BFFAAAA62A0C1D90004FD7F3 /* ContentView.swift in Sources */ = {isa = PBXBuildFile; fileRef = BFFAAAA52A0C1D90004FD7F3 /* ContentView.swift */; };
		BFFAAAA82A0C1D95004FD7F3 /* Assets.xcassets in Resources */ = {isa = PBXBuildFile; fileRef = BFFAAAA72A0C1D95004FD7F3 /* Assets.xcassets */; };
		BFFAAAAB2A0C1D95004FD7F3 /* Preview Assets.xcassets in Resources */ = {isa = PBXBuildFile; fileRef = BFFAAAAA2A0C1D95004FD7F3 /* Preview Assets.xcassets */; };
		BFFAAABC2A0C1FE1004FD7F3 /* MoodApi.swift in Sources */ = {isa = PBXBuildFile; fileRef = BFFAAABB2A0C1FE1004FD7F3 /* MoodApi.swift */; };
/* End PBXBuildFile section */

/* Begin PBXFileReference section */
		2C56D2F12A0C36590074A790 /* EmptyResponse.swift */ = {isa = PBXFileReference; lastKnownFileType = sourcecode.swift; path = EmptyResponse.swift; sourceTree = "<group>"; };
		2C56D2F42A0C395B0074A790 /* ValidationError.swift */ = {isa = PBXFileReference; lastKnownFileType = sourcecode.swift; path = ValidationError.swift; sourceTree = "<group>"; };
		BF537F4A2A0C28CB00D4FF42 /* StressLevelScreen.swift */ = {isa = PBXFileReference; lastKnownFileType = sourcecode.swift; path = StressLevelScreen.swift; sourceTree = "<group>"; };
		BF537F4C2A0C28D500D4FF42 /* StressLevelViewModel.swift */ = {isa = PBXFileReference; lastKnownFileType = sourcecode.swift; path = StressLevelViewModel.swift; sourceTree = "<group>"; };
		BF537F4E2A0C28EC00D4FF42 /* StressLevelRepository.swift */ = {isa = PBXFileReference; lastKnownFileType = sourcecode.swift; path = StressLevelRepository.swift; sourceTree = "<group>"; };
		BFFAAAA02A0C1D90004FD7F3 /* MoodMeter.app */ = {isa = PBXFileReference; explicitFileType = wrapper.application; includeInIndex = 0; path = MoodMeter.app; sourceTree = BUILT_PRODUCTS_DIR; };
		BFFAAAA32A0C1D90004FD7F3 /* MoodMeterApp.swift */ = {isa = PBXFileReference; lastKnownFileType = sourcecode.swift; path = MoodMeterApp.swift; sourceTree = "<group>"; };
		BFFAAAA52A0C1D90004FD7F3 /* ContentView.swift */ = {isa = PBXFileReference; lastKnownFileType = sourcecode.swift; path = ContentView.swift; sourceTree = "<group>"; };
		BFFAAAA72A0C1D95004FD7F3 /* Assets.xcassets */ = {isa = PBXFileReference; lastKnownFileType = folder.assetcatalog; path = Assets.xcassets; sourceTree = "<group>"; };
		BFFAAAAA2A0C1D95004FD7F3 /* Preview Assets.xcassets */ = {isa = PBXFileReference; lastKnownFileType = folder.assetcatalog; path = "Preview Assets.xcassets"; sourceTree = "<group>"; };
		BFFAAABB2A0C1FE1004FD7F3 /* MoodApi.swift */ = {isa = PBXFileReference; lastKnownFileType = sourcecode.swift; path = MoodApi.swift; sourceTree = "<group>"; };
/* End PBXFileReference section */

/* Begin PBXFrameworksBuildPhase section */
		BFFAAA9D2A0C1D90004FD7F3 /* Frameworks */ = {
			isa = PBXFrameworksBuildPhase;
			buildActionMask = 2147483647;
			files = (
			);
			runOnlyForDeploymentPostprocessing = 0;
		};
/* End PBXFrameworksBuildPhase section */

/* Begin PBXGroup section */
		2C56D2F02A0C363C0074A790 /* Models */ = {
			isa = PBXGroup;
			children = (
				2C56D2F12A0C36590074A790 /* EmptyResponse.swift */,
			);
			path = Models;
			sourceTree = "<group>";
		};
		2C56D2F32A0C394D0074A790 /* Errors */ = {
			isa = PBXGroup;
			children = (
				2C56D2F42A0C395B0074A790 /* ValidationError.swift */,
			);
			path = Errors;
			sourceTree = "<group>";
		};
		BF537F472A0C27B900D4FF42 /* StressLevel */ = {
			isa = PBXGroup;
			children = (
				BF537F492A0C28BE00D4FF42 /* Data */,
				BF537F482A0C27C400D4FF42 /* Presentation */,
			);
			path = StressLevel;
			sourceTree = "<group>";
		};
		BF537F482A0C27C400D4FF42 /* Presentation */ = {
			isa = PBXGroup;
			children = (
				BF537F4A2A0C28CB00D4FF42 /* StressLevelScreen.swift */,
				BF537F4C2A0C28D500D4FF42 /* StressLevelViewModel.swift */,
			);
			path = Presentation;
			sourceTree = "<group>";
		};
		BF537F492A0C28BE00D4FF42 /* Data */ = {
			isa = PBXGroup;
			children = (
				BF537F4E2A0C28EC00D4FF42 /* StressLevelRepository.swift */,
			);
			path = Data;
			sourceTree = "<group>";
		};
		BFFAAA972A0C1D90004FD7F3 = {
			isa = PBXGroup;
			children = (
				BFFAAAA22A0C1D90004FD7F3 /* MoodMeter */,
				BFFAAAA12A0C1D90004FD7F3 /* Products */,
			);
			sourceTree = "<group>";
		};
		BFFAAAA12A0C1D90004FD7F3 /* Products */ = {
			isa = PBXGroup;
			children = (
				BFFAAAA02A0C1D90004FD7F3 /* MoodMeter.app */,
			);
			name = Products;
			sourceTree = "<group>";
		};
		BFFAAAA22A0C1D90004FD7F3 /* MoodMeter */ = {
			isa = PBXGroup;
			children = (
				BFFAAAB22A0C1F3B004FD7F3 /* Core */,
				BFFAAAB12A0C1F22004FD7F3 /* Features */,
				BFFAAAA32A0C1D90004FD7F3 /* MoodMeterApp.swift */,
				BFFAAAA52A0C1D90004FD7F3 /* ContentView.swift */,
				BFFAAAA72A0C1D95004FD7F3 /* Assets.xcassets */,
				BFFAAAA92A0C1D95004FD7F3 /* Preview Content */,
			);
			path = MoodMeter;
			sourceTree = "<group>";
		};
		BFFAAAA92A0C1D95004FD7F3 /* Preview Content */ = {
			isa = PBXGroup;
			children = (
				BFFAAAAA2A0C1D95004FD7F3 /* Preview Assets.xcassets */,
			);
			path = "Preview Content";
			sourceTree = "<group>";
		};
		BFFAAAB12A0C1F22004FD7F3 /* Features */ = {
			isa = PBXGroup;
			children = (
				BF537F472A0C27B900D4FF42 /* StressLevel */,
			);
			path = Features;
			sourceTree = "<group>";
		};
		BFFAAAB22A0C1F3B004FD7F3 /* Core */ = {
			isa = PBXGroup;
			children = (
				2C56D2F32A0C394D0074A790 /* Errors */,
				BFFAAAB82A0C1F7B004FD7F3 /* Data */,
			);
			path = Core;
			sourceTree = "<group>";
		};
		BFFAAAB82A0C1F7B004FD7F3 /* Data */ = {
			isa = PBXGroup;
			children = (
				2C56D2F02A0C363C0074A790 /* Models */,
				BFFAAABA2A0C1FC7004FD7F3 /* Remote */,
			);
			path = Data;
			sourceTree = "<group>";
		};
		BFFAAABA2A0C1FC7004FD7F3 /* Remote */ = {
			isa = PBXGroup;
			children = (
				BFFAAABB2A0C1FE1004FD7F3 /* MoodApi.swift */,
			);
			path = Remote;
			sourceTree = "<group>";
		};
/* End PBXGroup section */

/* Begin PBXNativeTarget section */
		BFFAAA9F2A0C1D90004FD7F3 /* MoodMeter */ = {
			isa = PBXNativeTarget;
			buildConfigurationList = BFFAAAAE2A0C1D95004FD7F3 /* Build configuration list for PBXNativeTarget "MoodMeter" */;
			buildPhases = (
				BFFAAA9C2A0C1D90004FD7F3 /* Sources */,
				BFFAAA9D2A0C1D90004FD7F3 /* Frameworks */,
				BFFAAA9E2A0C1D90004FD7F3 /* Resources */,
			);
			buildRules = (
			);
			dependencies = (
			);
			name = MoodMeter;
			productName = MoodMeter;
			productReference = BFFAAAA02A0C1D90004FD7F3 /* MoodMeter.app */;
			productType = "com.apple.product-type.application";
		};
/* End PBXNativeTarget section */

/* Begin PBXProject section */
		BFFAAA982A0C1D90004FD7F3 /* Project object */ = {
			isa = PBXProject;
			attributes = {
				BuildIndependentTargetsInParallel = 1;
				LastSwiftUpdateCheck = 1430;
				LastUpgradeCheck = 1430;
				TargetAttributes = {
					BFFAAA9F2A0C1D90004FD7F3 = {
						CreatedOnToolsVersion = 14.3;
					};
				};
			};
			buildConfigurationList = BFFAAA9B2A0C1D90004FD7F3 /* Build configuration list for PBXProject "MoodMeter" */;
			compatibilityVersion = "Xcode 14.0";
			developmentRegion = en;
			hasScannedForEncodings = 0;
			knownRegions = (
				en,
				Base,
			);
			mainGroup = BFFAAA972A0C1D90004FD7F3;
			productRefGroup = BFFAAAA12A0C1D90004FD7F3 /* Products */;
			projectDirPath = "";
			projectRoot = "";
			targets = (
				BFFAAA9F2A0C1D90004FD7F3 /* MoodMeter */,
			);
		};
/* End PBXProject section */

/* Begin PBXResourcesBuildPhase section */
		BFFAAA9E2A0C1D90004FD7F3 /* Resources */ = {
			isa = PBXResourcesBuildPhase;
			buildActionMask = 2147483647;
			files = (
				BFFAAAAB2A0C1D95004FD7F3 /* Preview Assets.xcassets in Resources */,
				BFFAAAA82A0C1D95004FD7F3 /* Assets.xcassets in Resources */,
			);
			runOnlyForDeploymentPostprocessing = 0;
		};
/* End PBXResourcesBuildPhase section */

/* Begin PBXSourcesBuildPhase section */
		BFFAAA9C2A0C1D90004FD7F3 /* Sources */ = {
			isa = PBXSourcesBuildPhase;
			buildActionMask = 2147483647;
			files = (
				BFFAAAA62A0C1D90004FD7F3 /* ContentView.swift in Sources */,
				2C56D2F22A0C36590074A790 /* EmptyResponse.swift in Sources */,
				BF537F4F2A0C28EC00D4FF42 /* StressLevelRepository.swift in Sources */,
				BF537F4D2A0C28D500D4FF42 /* StressLevelViewModel.swift in Sources */,
				BFFAAAA42A0C1D90004FD7F3 /* MoodMeterApp.swift in Sources */,
				2C56D2F52A0C395B0074A790 /* ValidationError.swift in Sources */,
				BF537F4B2A0C28CB00D4FF42 /* StressLevelScreen.swift in Sources */,
				BFFAAABC2A0C1FE1004FD7F3 /* MoodApi.swift in Sources */,
			);
			runOnlyForDeploymentPostprocessing = 0;
		};
/* End PBXSourcesBuildPhase section */

/* Begin XCBuildConfiguration section */
		BFFAAAAC2A0C1D95004FD7F3 /* Debug */ = {
			isa = XCBuildConfiguration;
			buildSettings = {
				ALWAYS_SEARCH_USER_PATHS = NO;
				CLANG_ANALYZER_NONNULL = YES;
				CLANG_ANALYZER_NUMBER_OBJECT_CONVERSION = YES_AGGRESSIVE;
				CLANG_CXX_LANGUAGE_STANDARD = "gnu++20";
				CLANG_ENABLE_MODULES = YES;
				CLANG_ENABLE_OBJC_ARC = YES;
				CLANG_ENABLE_OBJC_WEAK = YES;
				CLANG_WARN_BLOCK_CAPTURE_AUTORELEASING = YES;
				CLANG_WARN_BOOL_CONVERSION = YES;
				CLANG_WARN_COMMA = YES;
				CLANG_WARN_CONSTANT_CONVERSION = YES;
				CLANG_WARN_DEPRECATED_OBJC_IMPLEMENTATIONS = YES;
				CLANG_WARN_DIRECT_OBJC_ISA_USAGE = YES_ERROR;
				CLANG_WARN_DOCUMENTATION_COMMENTS = YES;
				CLANG_WARN_EMPTY_BODY = YES;
				CLANG_WARN_ENUM_CONVERSION = YES;
				CLANG_WARN_INFINITE_RECURSION = YES;
				CLANG_WARN_INT_CONVERSION = YES;
				CLANG_WARN_NON_LITERAL_NULL_CONVERSION = YES;
				CLANG_WARN_OBJC_IMPLICIT_RETAIN_SELF = YES;
				CLANG_WARN_OBJC_LITERAL_CONVERSION = YES;
				CLANG_WARN_OBJC_ROOT_CLASS = YES_ERROR;
				CLANG_WARN_QUOTED_INCLUDE_IN_FRAMEWORK_HEADER = YES;
				CLANG_WARN_RANGE_LOOP_ANALYSIS = YES;
				CLANG_WARN_STRICT_PROTOTYPES = YES;
				CLANG_WARN_SUSPICIOUS_MOVE = YES;
				CLANG_WARN_UNGUARDED_AVAILABILITY = YES_AGGRESSIVE;
				CLANG_WARN_UNREACHABLE_CODE = YES;
				CLANG_WARN__DUPLICATE_METHOD_MATCH = YES;
				COPY_PHASE_STRIP = NO;
				DEBUG_INFORMATION_FORMAT = dwarf;
				ENABLE_STRICT_OBJC_MSGSEND = YES;
				ENABLE_TESTABILITY = YES;
				GCC_C_LANGUAGE_STANDARD = gnu11;
				GCC_DYNAMIC_NO_PIC = NO;
				GCC_NO_COMMON_BLOCKS = YES;
				GCC_OPTIMIZATION_LEVEL = 0;
				GCC_PREPROCESSOR_DEFINITIONS = (
					"DEBUG=1",
					"$(inherited)",
				);
				GCC_WARN_64_TO_32_BIT_CONVERSION = YES;
				GCC_WARN_ABOUT_RETURN_TYPE = YES_ERROR;
				GCC_WARN_UNDECLARED_SELECTOR = YES;
				GCC_WARN_UNINITIALIZED_AUTOS = YES_AGGRESSIVE;
				GCC_WARN_UNUSED_FUNCTION = YES;
				GCC_WARN_UNUSED_VARIABLE = YES;
				IPHONEOS_DEPLOYMENT_TARGET = 16.4;
				MTL_ENABLE_DEBUG_INFO = INCLUDE_SOURCE;
				MTL_FAST_MATH = YES;
				ONLY_ACTIVE_ARCH = YES;
				SDKROOT = iphoneos;
				SWIFT_ACTIVE_COMPILATION_CONDITIONS = DEBUG;
				SWIFT_OPTIMIZATION_LEVEL = "-Onone";
			};
			name = Debug;
		};
		BFFAAAAD2A0C1D95004FD7F3 /* Release */ = {
			isa = XCBuildConfiguration;
			buildSettings = {
				ALWAYS_SEARCH_USER_PATHS = NO;
				CLANG_ANALYZER_NONNULL = YES;
				CLANG_ANALYZER_NUMBER_OBJECT_CONVERSION = YES_AGGRESSIVE;
				CLANG_CXX_LANGUAGE_STANDARD = "gnu++20";
				CLANG_ENABLE_MODULES = YES;
				CLANG_ENABLE_OBJC_ARC = YES;
				CLANG_ENABLE_OBJC_WEAK = YES;
				CLANG_WARN_BLOCK_CAPTURE_AUTORELEASING = YES;
				CLANG_WARN_BOOL_CONVERSION = YES;
				CLANG_WARN_COMMA = YES;
				CLANG_WARN_CONSTANT_CONVERSION = YES;
				CLANG_WARN_DEPRECATED_OBJC_IMPLEMENTATIONS = YES;
				CLANG_WARN_DIRECT_OBJC_ISA_USAGE = YES_ERROR;
				CLANG_WARN_DOCUMENTATION_COMMENTS = YES;
				CLANG_WARN_EMPTY_BODY = YES;
				CLANG_WARN_ENUM_CONVERSION = YES;
				CLANG_WARN_INFINITE_RECURSION = YES;
				CLANG_WARN_INT_CONVERSION = YES;
				CLANG_WARN_NON_LITERAL_NULL_CONVERSION = YES;
				CLANG_WARN_OBJC_IMPLICIT_RETAIN_SELF = YES;
				CLANG_WARN_OBJC_LITERAL_CONVERSION = YES;
				CLANG_WARN_OBJC_ROOT_CLASS = YES_ERROR;
				CLANG_WARN_QUOTED_INCLUDE_IN_FRAMEWORK_HEADER = YES;
				CLANG_WARN_RANGE_LOOP_ANALYSIS = YES;
				CLANG_WARN_STRICT_PROTOTYPES = YES;
				CLANG_WARN_SUSPICIOUS_MOVE = YES;
				CLANG_WARN_UNGUARDED_AVAILABILITY = YES_AGGRESSIVE;
				CLANG_WARN_UNREACHABLE_CODE = YES;
				CLANG_WARN__DUPLICATE_METHOD_MATCH = YES;
				COPY_PHASE_STRIP = NO;
				DEBUG_INFORMATION_FORMAT = "dwarf-with-dsym";
				ENABLE_NS_ASSERTIONS = NO;
				ENABLE_STRICT_OBJC_MSGSEND = YES;
				GCC_C_LANGUAGE_STANDARD = gnu11;
				GCC_NO_COMMON_BLOCKS = YES;
				GCC_WARN_64_TO_32_BIT_CONVERSION = YES;
				GCC_WARN_ABOUT_RETURN_TYPE = YES_ERROR;
				GCC_WARN_UNDECLARED_SELECTOR = YES;
				GCC_WARN_UNINITIALIZED_AUTOS = YES_AGGRESSIVE;
				GCC_WARN_UNUSED_FUNCTION = YES;
				GCC_WARN_UNUSED_VARIABLE = YES;
				IPHONEOS_DEPLOYMENT_TARGET = 16.4;
				MTL_ENABLE_DEBUG_INFO = NO;
				MTL_FAST_MATH = YES;
				SDKROOT = iphoneos;
				SWIFT_COMPILATION_MODE = wholemodule;
				SWIFT_OPTIMIZATION_LEVEL = "-O";
				VALIDATE_PRODUCT = YES;
			};
			name = Release;
		};
		BFFAAAAF2A0C1D95004FD7F3 /* Debug */ = {
			isa = XCBuildConfiguration;
			buildSettings = {
				ASSETCATALOG_COMPILER_APPICON_NAME = AppIcon;
				ASSETCATALOG_COMPILER_GLOBAL_ACCENT_COLOR_NAME = AccentColor;
				CODE_SIGN_STYLE = Automatic;
				CURRENT_PROJECT_VERSION = 1;
				DEVELOPMENT_ASSET_PATHS = "\"MoodMeter/Preview Content\"";
				ENABLE_PREVIEWS = YES;
				GENERATE_INFOPLIST_FILE = YES;
				INFOPLIST_KEY_UIApplicationSceneManifest_Generation = YES;
				INFOPLIST_KEY_UIApplicationSupportsIndirectInputEvents = YES;
				INFOPLIST_KEY_UILaunchScreen_Generation = YES;
				INFOPLIST_KEY_UISupportedInterfaceOrientations_iPad = "UIInterfaceOrientationPortrait UIInterfaceOrientationPortraitUpsideDown UIInterfaceOrientationLandscapeLeft UIInterfaceOrientationLandscapeRight";
				INFOPLIST_KEY_UISupportedInterfaceOrientations_iPhone = "UIInterfaceOrientationPortrait UIInterfaceOrientationLandscapeLeft UIInterfaceOrientationLandscapeRight";
				LD_RUNPATH_SEARCH_PATHS = (
					"$(inherited)",
					"@executable_path/Frameworks",
				);
				MARKETING_VERSION = 1.0;
				PRODUCT_BUNDLE_IDENTIFIER = com.trifork.MoodMeter;
				PRODUCT_NAME = "$(TARGET_NAME)";
				SWIFT_EMIT_LOC_STRINGS = YES;
				SWIFT_VERSION = 5.0;
				TARGETED_DEVICE_FAMILY = "1,2";
			};
			name = Debug;
		};
		BFFAAAB02A0C1D95004FD7F3 /* Release */ = {
			isa = XCBuildConfiguration;
			buildSettings = {
				ASSETCATALOG_COMPILER_APPICON_NAME = AppIcon;
				ASSETCATALOG_COMPILER_GLOBAL_ACCENT_COLOR_NAME = AccentColor;
				CODE_SIGN_STYLE = Automatic;
				CURRENT_PROJECT_VERSION = 1;
				DEVELOPMENT_ASSET_PATHS = "\"MoodMeter/Preview Content\"";
				ENABLE_PREVIEWS = YES;
				GENERATE_INFOPLIST_FILE = YES;
				INFOPLIST_KEY_UIApplicationSceneManifest_Generation = YES;
				INFOPLIST_KEY_UIApplicationSupportsIndirectInputEvents = YES;
				INFOPLIST_KEY_UILaunchScreen_Generation = YES;
				INFOPLIST_KEY_UISupportedInterfaceOrientations_iPad = "UIInterfaceOrientationPortrait UIInterfaceOrientationPortraitUpsideDown UIInterfaceOrientationLandscapeLeft UIInterfaceOrientationLandscapeRight";
				INFOPLIST_KEY_UISupportedInterfaceOrientations_iPhone = "UIInterfaceOrientationPortrait UIInterfaceOrientationLandscapeLeft UIInterfaceOrientationLandscapeRight";
				LD_RUNPATH_SEARCH_PATHS = (
					"$(inherited)",
					"@executable_path/Frameworks",
				);
				MARKETING_VERSION = 1.0;
				PRODUCT_BUNDLE_IDENTIFIER = com.trifork.MoodMeter;
				PRODUCT_NAME = "$(TARGET_NAME)";
				SWIFT_EMIT_LOC_STRINGS = YES;
				SWIFT_VERSION = 5.0;
				TARGETED_DEVICE_FAMILY = "1,2";
			};
			name = Release;
		};
/* End XCBuildConfiguration section */

/* Begin XCConfigurationList section */
		BFFAAA9B2A0C1D90004FD7F3 /* Build configuration list for PBXProject "MoodMeter" */ = {
			isa = XCConfigurationList;
			buildConfigurations = (
				BFFAAAAC2A0C1D95004FD7F3 /* Debug */,
				BFFAAAAD2A0C1D95004FD7F3 /* Release */,
			);
			defaultConfigurationIsVisible = 0;
			defaultConfigurationName = Release;
		};
		BFFAAAAE2A0C1D95004FD7F3 /* Build configuration list for PBXNativeTarget "MoodMeter" */ = {
			isa = XCConfigurationList;
			buildConfigurations = (
				BFFAAAAF2A0C1D95004FD7F3 /* Debug */,
				BFFAAAB02A0C1D95004FD7F3 /* Release */,
			);
			defaultConfigurationIsVisible = 0;
			defaultConfigurationName = Release;
		};
/* End XCConfigurationList section */
	};
	rootObject = BFFAAA982A0C1D90004FD7F3 /* Project object */;
}
